// !$*UTF8*$!
{
	archiveVersion = 1;
	classes = {
	};
	objectVersion = 46;
	objects = {

/* Begin PBXBuildFile section */
		E42F7CB81C03B722003A629B /* main.m in Sources */ = {isa = PBXBuildFile; fileRef = E42F7CB71C03B722003A629B /* main.m */; };
		E42F7CBB1C03B722003A629B /* AppDelegate.m in Sources */ = {isa = PBXBuildFile; fileRef = E42F7CBA1C03B722003A629B /* AppDelegate.m */; };
		E42F7CC11C03B722003A629B /* Main.storyboard in Resources */ = {isa = PBXBuildFile; fileRef = E42F7CBF1C03B722003A629B /* Main.storyboard */; };
		E42F7CC31C03B722003A629B /* Assets.xcassets in Resources */ = {isa = PBXBuildFile; fileRef = E42F7CC21C03B722003A629B /* Assets.xcassets */; };
		E42F7CC61C03B722003A629B /* LaunchScreen.storyboard in Resources */ = {isa = PBXBuildFile; fileRef = E42F7CC41C03B722003A629B /* LaunchScreen.storyboard */; };
		E42F7CCE1C03B732003A629B /* MapKit.framework in Frameworks */ = {isa = PBXBuildFile; fileRef = E42F7CCD1C03B732003A629B /* MapKit.framework */; };
		E42F7CD11C03B86F003A629B /* MainMapViewController.m in Sources */ = {isa = PBXBuildFile; fileRef = E42F7CD01C03B86F003A629B /* MainMapViewController.m */; };
/* End PBXBuildFile section */

/* Begin PBXFileReference section */
		E42F7CB31C03B722003A629B /* LocationReminder.app */ = {isa = PBXFileReference; explicitFileType = wrapper.application; includeInIndex = 0; path = LocationReminder.app; sourceTree = BUILT_PRODUCTS_DIR; };
		E42F7CB71C03B722003A629B /* main.m */ = {isa = PBXFileReference; lastKnownFileType = sourcecode.c.objc; path = main.m; sourceTree = "<group>"; };
		E42F7CB91C03B722003A629B /* AppDelegate.h */ = {isa = PBXFileReference; lastKnownFileType = sourcecode.c.h; path = AppDelegate.h; sourceTree = "<group>"; };
		E42F7CBA1C03B722003A629B /* AppDelegate.m */ = {isa = PBXFileReference; lastKnownFileType = sourcecode.c.objc; path = AppDelegate.m; sourceTree = "<group>"; };
		E42F7CC01C03B722003A629B /* Base */ = {isa = PBXFileReference; lastKnownFileType = file.storyboard; name = Base; path = Base.lproj/Main.storyboard; sourceTree = "<group>"; };
		E42F7CC21C03B722003A629B /* Assets.xcassets */ = {isa = PBXFileReference; lastKnownFileType = folder.assetcatalog; path = Assets.xcassets; sourceTree = "<group>"; };
		E42F7CC51C03B722003A629B /* Base */ = {isa = PBXFileReference; lastKnownFileType = file.storyboard; name = Base; path = Base.lproj/LaunchScreen.storyboard; sourceTree = "<group>"; };
		E42F7CC71C03B722003A629B /* Info.plist */ = {isa = PBXFileReference; lastKnownFileType = text.plist.xml; path = Info.plist; sourceTree = "<group>"; };
		E42F7CCD1C03B732003A629B /* MapKit.framework */ = {isa = PBXFileReference; lastKnownFileType = wrapper.framework; name = MapKit.framework; path = System/Library/Frameworks/MapKit.framework; sourceTree = SDKROOT; };
		E42F7CCF1C03B86F003A629B /* MainMapViewController.h */ = {isa = PBXFileReference; fileEncoding = 4; lastKnownFileType = sourcecode.c.h; path = MainMapViewController.h; sourceTree = "<group>"; };
		E42F7CD01C03B86F003A629B /* MainMapViewController.m */ = {isa = PBXFileReference; fileEncoding = 4; lastKnownFileType = sourcecode.c.objc; path = MainMapViewController.m; sourceTree = "<group>"; };
/* End PBXFileReference section */

/* Begin PBXFrameworksBuildPhase section */
		E42F7CB01C03B722003A629B /* Frameworks */ = {
			isa = PBXFrameworksBuildPhase;
			buildActionMask = 2147483647;
			files = (
				E42F7CCE1C03B732003A629B /* MapKit.framework in Frameworks */,
			);
			runOnlyForDeploymentPostprocessing = 0;
		};
/* End PBXFrameworksBuildPhase section */

/* Begin PBXGroup section */
		E42F7CAA1C03B722003A629B = {
			isa = PBXGroup;
			children = (
				E42F7CCD1C03B732003A629B /* MapKit.framework */,
				E42F7CB51C03B722003A629B /* LocationReminder */,
				E42F7CB41C03B722003A629B /* Products */,
			);
			sourceTree = "<group>";
		};
		E42F7CB41C03B722003A629B /* Products */ = {
			isa = PBXGroup;
			children = (
				E42F7CB31C03B722003A629B /* LocationReminder.app */,
			);
			name = Products;
			sourceTree = "<group>";
		};
		E42F7CB51C03B722003A629B /* LocationReminder */ = {
			isa = PBXGroup;
			children = (
				E42F7CCF1C03B86F003A629B /* MainMapViewController.h */,
				E42F7CD01C03B86F003A629B /* MainMapViewController.m */,
				E42F7CBF1C03B722003A629B /* Main.storyboard */,
				E42F7CB61C03B722003A629B /* Supporting Files */,
			);
			path = LocationReminder;
			sourceTree = "<group>";
		};
		E42F7CB61C03B722003A629B /* Supporting Files */ = {
			isa = PBXGroup;
			children = (
				E42F7CB91C03B722003A629B /* AppDelegate.h */,
				E42F7CBA1C03B722003A629B /* AppDelegate.m */,
				E42F7CC41C03B722003A629B /* LaunchScreen.storyboard */,
				E42F7CC71C03B722003A629B /* Info.plist */,
				E42F7CB71C03B722003A629B /* main.m */,
				E42F7CC21C03B722003A629B /* Assets.xcassets */,
			);
			name = "Supporting Files";
			sourceTree = "<group>";
		};
/* End PBXGroup section */

/* Begin PBXNativeTarget section */
		E42F7CB21C03B722003A629B /* LocationReminder */ = {
			isa = PBXNativeTarget;
			buildConfigurationList = E42F7CCA1C03B722003A629B /* Build configuration list for PBXNativeTarget "LocationReminder" */;
			buildPhases = (
				E42F7CAF1C03B722003A629B /* Sources */,
				E42F7CB01C03B722003A629B /* Frameworks */,
				E42F7CB11C03B722003A629B /* Resources */,
			);
			buildRules = (
			);
			dependencies = (
			);
			name = LocationReminder;
			productName = LocationReminder;
			productReference = E42F7CB31C03B722003A629B /* LocationReminder.app */;
			productType = "com.apple.product-type.application";
		};
/* End PBXNativeTarget section */

/* Begin PBXProject section */
		E42F7CAB1C03B722003A629B /* Project object */ = {
			isa = PBXProject;
			attributes = {
				LastUpgradeCheck = 0710;
				ORGANIZATIONNAME = TheodoreAbshire;
				TargetAttributes = {
					E42F7CB21C03B722003A629B = {
						CreatedOnToolsVersion = 7.1;
						SystemCapabilities = {
							com.apple.Maps.iOS = {
								enabled = 1;
							};
						};
					};
				};
			};
			buildConfigurationList = E42F7CAE1C03B722003A629B /* Build configuration list for PBXProject "LocationReminder" */;
			compatibilityVersion = "Xcode 3.2";
			developmentRegion = English;
			hasScannedForEncodings = 0;
			knownRegions = (
				en,
				Base,
			);
			mainGroup = E42F7CAA1C03B722003A629B;
			productRefGroup = E42F7CB41C03B722003A629B /* Products */;
			projectDirPath = "";
			projectRoot = "";
			targets = (
				E42F7CB21C03B722003A629B /* LocationReminder */,
			);
		};
/* End PBXProject section */

/* Begin PBXResourcesBuildPhase section */
		E42F7CB11C03B722003A629B /* Resources */ = {
			isa = PBXResourcesBuildPhase;
			buildActionMask = 2147483647;
			files = (
				E42F7CC61C03B722003A629B /* LaunchScreen.storyboard in Resources */,
				E42F7CC31C03B722003A629B /* Assets.xcassets in Resources */,
				E42F7CC11C03B722003A629B /* Main.storyboard in Resources */,
			);
			runOnlyForDeploymentPostprocessing = 0;
		};
/* End PBXResourcesBuildPhase section */

/* Begin PBXSourcesBuildPhase section */
		E42F7CAF1C03B722003A629B /* Sources */ = {
			isa = PBXSourcesBuildPhase;
			buildActionMask = 2147483647;
			files = (
				E42F7CBB1C03B722003A629B /* AppDelegate.m in Sources */,
				E42F7CB81C03B722003A629B /* main.m in Sources */,
				E42F7CD11C03B86F003A629B /* MainMapViewController.m in Sources */,
			);
			runOnlyForDeploymentPostprocessing = 0;
		};
/* End PBXSourcesBuildPhase section */

/* Begin PBXVariantGroup section */
		E42F7CBF1C03B722003A629B /* Main.storyboard */ = {
			isa = PBXVariantGroup;
			children = (
				E42F7CC01C03B722003A629B /* Base */,
			);
			name = Main.storyboard;
			sourceTree = "<group>";
		};
		E42F7CC41C03B722003A629B /* LaunchScreen.storyboard */ = {
			isa = PBXVariantGroup;
			children = (
				E42F7CC51C03B722003A629B /* Base */,
			);
			name = LaunchScreen.storyboard;
			sourceTree = "<group>";
		};
/* End PBXVariantGroup section */

/* Begin XCBuildConfiguration section */
		E42F7CC81C03B722003A629B /* Debug */ = {
			isa = XCBuildConfiguration;
			buildSettings = {
				ALWAYS_SEARCH_USER_PATHS = NO;
				CLANG_CXX_LANGUAGE_STANDARD = "gnu++0x";
				CLANG_CXX_LIBRARY = "libc++";
				CLANG_ENABLE_MODULES = YES;
				CLANG_ENABLE_OBJC_ARC = YES;
				CLANG_WARN_BOOL_CONVERSION = YES;
				CLANG_WARN_CONSTANT_CONVERSION = YES;
				CLANG_WARN_DIRECT_OBJC_ISA_USAGE = YES_ERROR;
				CLANG_WARN_EMPTY_BODY = YES;
				CLANG_WARN_ENUM_CONVERSION = YES;
				CLANG_WARN_INT_CONVERSION = YES;
				CLANG_WARN_OBJC_ROOT_CLASS = YES_ERROR;
				CLANG_WARN_UNREACHABLE_CODE = YES;
				CLANG_WARN__DUPLICATE_METHOD_MATCH = YES;
				"CODE_SIGN_IDENTITY[sdk=iphoneos*]" = "iPhone Developer";
				COPY_PHASE_STRIP = NO;
				DEBUG_INFORMATION_FORMAT = dwarf;
				ENABLE_STRICT_OBJC_MSGSEND = YES;
				ENABLE_TESTABILITY = YES;
				GCC_C_LANGUAGE_STANDARD = gnu99;
				GCC_DYNAMIC_NO_PIC = NO;
				GCC_NO_COMMON_BLOCKS = YES;
				GCC_OPTIMIZATION_LEVEL = 0;
				GCC_PREPROCESSOR_DEFINITIONS = (
					"DEBUG=1",
					"$(inherited)",
				);
				GCC_WARN_64_TO_32_BIT_CONVERSION = YES;
				GCC_WARN_ABOUT_RETURN_TYPE = YES_ERROR;
				GCC_WARN_UNDECLARED_SELECTOR = YES;
				GCC_WARN_UNINITIALIZED_AUTOS = YES_AGGRESSIVE;
				GCC_WARN_UNUSED_FUNCTION = YES;
				GCC_WARN_UNUSED_VARIABLE = YES;
				IPHONEOS_DEPLOYMENT_TARGET = 9.1;
				MTL_ENABLE_DEBUG_INFO = YES;
				ONLY_ACTIVE_ARCH = YES;
				SDKROOT = iphoneos;
				TARGETED_DEVICE_FAMILY = "1,2";
			};
			name = Debug;
		};
		E42F7CC91C03B722003A629B /* Release */ = {
			isa = XCBuildConfiguration;
			buildSettings = {
				ALWAYS_SEARCH_USER_PATHS = NO;
				CLANG_CXX_LANGUAGE_STANDARD = "gnu++0x";
				CLANG_CXX_LIBRARY = "libc++";
				CLANG_ENABLE_MODULES = YES;
				CLANG_ENABLE_OBJC_ARC = YES;
				CLANG_WARN_BOOL_CONVERSION = YES;
				CLANG_WARN_CONSTANT_CONVERSION = YES;
				CLANG_WARN_DIRECT_OBJC_ISA_USAGE = YES_ERROR;
				CLANG_WARN_EMPTY_BODY = YES;
				CLANG_WARN_ENUM_CONVERSION = YES;
				CLANG_WARN_INT_CONVERSION = YES;
				CLANG_WARN_OBJC_ROOT_CLASS = YES_ERROR;
				CLANG_WARN_UNREACHABLE_CODE = YES;
				CLANG_WARN__DUPLICATE_METHOD_MATCH = YES;
				"CODE_SIGN_IDENTITY[sdk=iphoneos*]" = "iPhone Developer";
				COPY_PHASE_STRIP = NO;
				DEBUG_INFORMATION_FORMAT = "dwarf-with-dsym";
				ENABLE_NS_ASSERTIONS = NO;
				ENABLE_STRICT_OBJC_MSGSEND = YES;
				GCC_C_LANGUAGE_STANDARD = gnu99;
				GCC_NO_COMMON_BLOCKS = YES;
				GCC_WARN_64_TO_32_BIT_CONVERSION = YES;
				GCC_WARN_ABOUT_RETURN_TYPE = YES_ERROR;
				GCC_WARN_UNDECLARED_SELECTOR = YES;
				GCC_WARN_UNINITIALIZED_AUTOS = YES_AGGRESSIVE;
				GCC_WARN_UNUSED_FUNCTION = YES;
				GCC_WARN_UNUSED_VARIABLE = YES;
				IPHONEOS_DEPLOYMENT_TARGET = 9.1;
				MTL_ENABLE_DEBUG_INFO = NO;
				SDKROOT = iphoneos;
				TARGETED_DEVICE_FAMILY = "1,2";
				VALIDATE_PRODUCT = YES;
			};
			name = Release;
		};
		E42F7CCB1C03B722003A629B /* Debug */ = {
			isa = XCBuildConfiguration;
			buildSettings = {
				ASSETCATALOG_COMPILER_APPICON_NAME = AppIcon;
				INFOPLIST_FILE = LocationReminder/Info.plist;
				LD_RUNPATH_SEARCH_PATHS = "$(inherited) @executable_path/Frameworks";
				PRODUCT_BUNDLE_IDENTIFIER = TA.LocationReminder;
				PRODUCT_NAME = "$(TARGET_NAME)";
			};
			name = Debug;
		};
		E42F7CCC1C03B722003A629B /* Release */ = {
			isa = XCBuildConfiguration;
			buildSettings = {
				ASSETCATALOG_COMPILER_APPICON_NAME = AppIcon;
				INFOPLIST_FILE = LocationReminder/Info.plist;
				LD_RUNPATH_SEARCH_PATHS = "$(inherited) @executable_path/Frameworks";
				PRODUCT_BUNDLE_IDENTIFIER = TA.LocationReminder;
				PRODUCT_NAME = "$(TARGET_NAME)";
			};
			name = Release;
		};
/* End XCBuildConfiguration section */

/* Begin XCConfigurationList section */
		E42F7CAE1C03B722003A629B /* Build configuration list for PBXProject "LocationReminder" */ = {
			isa = XCConfigurationList;
			buildConfigurations = (
				E42F7CC81C03B722003A629B /* Debug */,
				E42F7CC91C03B722003A629B /* Release */,
			);
			defaultConfigurationIsVisible = 0;
			defaultConfigurationName = Release;
		};
		E42F7CCA1C03B722003A629B /* Build configuration list for PBXNativeTarget "LocationReminder" */ = {
			isa = XCConfigurationList;
			buildConfigurations = (
				E42F7CCB1C03B722003A629B /* Debug */,
				E42F7CCC1C03B722003A629B /* Release */,
			);
			defaultConfigurationIsVisible = 0;
		};
/* End XCConfigurationList section */
	};
	rootObject = E42F7CAB1C03B722003A629B /* Project object */;
}
